
Microsoft Visual Studio Solution File, Format Version 12.00
# Visual Studio Version 16
VisualStudioVersion = 16.0.28803.156
MinimumVisualStudioVersion = 10.0.40219.1
Project("{888888A0-9F3D-457C-B088-3A5042F75D52}") = "scrap", "scrap\scrap.pyproj", "{E7B0315F-30E5-448E-9070-20BDA1D450C8}"
EndProject
Global
	GlobalSection(SolutionConfigurationPlatforms) = preSolution
		Debug|Any CPU = Debug|Any CPU
		Release|Any CPU = Release|Any CPU
	EndGlobalSection
	GlobalSection(ProjectConfigurationPlatforms) = postSolution
		{E7B0315F-30E5-448E-9070-20BDA1D450C8}.Debug|Any CPU.ActiveCfg = Debug|Any CPU
		{E7B0315F-30E5-448E-9070-20BDA1D450C8}.Release|Any CPU.ActiveCfg = Release|Any CPU
	EndGlobalSection
	GlobalSection(SolutionProperties) = preSolution
		HideSolutionNode = FALSE
	EndGlobalSection
	GlobalSection(ExtensibilityGlobals) = postSolution
		SolutionGuid = {D41C5382-C21E-4532-8FEF-45F9E905A2C2}
	EndGlobalSection
EndGlobal
